
Microsoft Visual Studio Solution File, Format Version 12.00
# Visual Studio Version 17
VisualStudioVersion = 17.6.33723.286
MinimumVisualStudioVersion = 10.0.40219.1
Project("{FAE04EC0-301F-11D3-BF4B-00C04F79EFBC}") = "addressbook-web-tests", "addressbook-web-tests.csproj", "{2B481765-31AA-4F67-AC81-4DDBD2367E3F}"
EndProject
Global
	GlobalSection(SolutionConfigurationPlatforms) = preSolution
		Debug|Any CPU = Debug|Any CPU
		Release|Any CPU = Release|Any CPU
	EndGlobalSection
	GlobalSection(ProjectConfigurationPlatforms) = postSolution
		{2B481765-31AA-4F67-AC81-4DDBD2367E3F}.Debug|Any CPU.ActiveCfg = Debug|Any CPU
		{2B481765-31AA-4F67-AC81-4DDBD2367E3F}.Debug|Any CPU.Build.0 = Debug|Any CPU
		{2B481765-31AA-4F67-AC81-4DDBD2367E3F}.Release|Any CPU.ActiveCfg = Release|Any CPU
		{2B481765-31AA-4F67-AC81-4DDBD2367E3F}.Release|Any CPU.Build.0 = Release|Any CPU
	EndGlobalSection
	GlobalSection(SolutionProperties) = preSolution
		HideSolutionNode = FALSE
	EndGlobalSection
	GlobalSection(ExtensibilityGlobals) = postSolution
		SolutionGuid = {55E8C923-23C4-4D3E-85DF-F2EB850BAE34}
	EndGlobalSection
EndGlobal
